{
    "_meta": {
        "hash": {
            "sha256": "3958da54a69c7250e6b22baa59320ad8703b31ff01b1319c3bbf26bfb2d0402d"
        },
        "pipfile-spec": 6,
        "requires": {
            "python_version": "3.8"
        },
        "sources": [
            {
                "name": "pypi",
                "url": "https://pypi.org/simple",
                "verify_ssl": true
            }
        ]
    },
    "default": {
        "mido": {
            "hashes": [
                "sha256:c4a7d5528fefa3d3dcaa2056d4bc873e2c96a395658d15af5a89c8c3fa7c7acc",
                "sha256:fc6364efa028c8405166f63e6a83cbc6c17aaeac2c28680abe64ae48703a89dd"
            ],
            "index": "pypi",
            "version": "==1.2.9"
        },
        "pyqt5": {
            "hashes": [
                "sha256:2b79209aa6e4688f6ac46e6d2694236dcf91db5f3a87270150d0f82082e3d360",
                "sha256:2f230f2dbd767099de7a0cb915abdf0cbc3256a0b5bb910eb09b99117db7a65b",
                "sha256:3d6e315e6e2d6489a2e1e0148d00e784e277c6590c189227d6060f15b9be690a",
                "sha256:812233bd155735377e2e9c7eea7a28815f357440334db51788d941e2a8b62f64",
                "sha256:be10fa95e6bdc9cad616ebf368c51b3f5748138b2b3a600cf7c4f80b78cb9852"
            ],
            "index": "pypi",
            "version": "==5.14.1"
        },
        "pyqt5-sip": {
            "hashes": [
                "sha256:02d94786bada670ab17a2b62ce95b3cf8e3b40c99d36007593a6334d551840bb",
                "sha256:06bc66b50556fb949f14875a4c224423dbf03f972497ccb883fb19b7b7c3b346",
                "sha256:091fbbe10a7aebadc0e8897a9449cda08d3c3f663460d812eca3001ca1ed3526",
                "sha256:0a067ade558befe4d46335b13d8b602b5044363bfd601419b556d4ec659bca18",
                "sha256:1910c1cb5a388d4e59ebb2895d7015f360f3f6eeb1700e7e33e866c53137eb9e",
                "sha256:1c7ad791ec86247f35243bbbdd29cd59989afbe0ab678e0a41211f4407f21dd8",
                "sha256:3c330ff1f70b3eaa6f63dce9274df996dffea82ad9726aa8e3d6cbe38e986b2f",
                "sha256:482a910fa73ee0e36c258d7646ef38f8061774bbc1765a7da68c65056b573341",
                "sha256:7695dfafb4f5549ce1290ae643d6508dfc2646a9003c989218be3ce42a1aa422",
                "sha256:8274ed50f4ffbe91d0f4cc5454394631edfecd75dc327aa01be8bc5818a57e88",
                "sha256:9047d887d97663790d811ac4e0d2e895f1bf2ecac4041691487de40c30239480",
                "sha256:9f6ab1417ecfa6c1ce6ce941e0cebc03e3ec9cd9925058043229a5f003ae5e40",
                "sha256:b43ba2f18999d41c3df72f590348152e14cd4f6dcea2058c734d688dfb1ec61f",
                "sha256:c3ab9ea1bc3f4ce8c57ebc66fb25cd044ef92ed1ca2afa3729854ecc59658905",
                "sha256:da69ba17f6ece9a85617743cb19de689f2d63025bf8001e2facee2ec9bcff18f",
                "sha256:ef3c7a0bf78674b0dda86ff5809d8495019903a096c128e1f160984b37848f73",
                "sha256:fabff832046643cdb93920ddaa8f77344df90768930fbe6bb33d211c4dcd0b5e"
            ],
            "version": "==12.7.0"
        },
        "pyside2": {
            "hashes": [
                "sha256:11bba54a62bcd9d7879d3e74cc54c0054c8c6dcdf011ecee9b47c5229cbd7af9",
                "sha256:578b727a5a254cfd509ea2f1fa31779f217a2a1d765c770727662dac950d60eb",
                "sha256:72feeb655958791383085bcb3154f6b3e193c1d66b6aa771c4244a6cafd62b7e",
                "sha256:77474e11c0bb3efa2d7e8506fe0f36049585ba911b8242e070b5f8978e5ba6f7",
                "sha256:c9f59e8c49a9a3b0cca04d8468becd8a562eb9ad0ac1d4d9a8622d2dfa3ce4c9",
                "sha256:ce43f98333443242cd3fe976d72fcb3acf6bb7fa40dd5949e59947a501d5dd72"
            ],
            "index": "pypi",
            "version": "==5.14.0"
        },
        "python-qt-live-coding": {
            "hashes": [
                "sha256:ddba3f6a7f975477dfd9a0b5052df6eb2185e3fd4281373fef63fbb9125538be"
            ],
            "index": "pypi",
            "version": "==0.4.3"
        },
        "python-rtmidi": {
            "hashes": [
                "sha256:30d9fbb0070df100f58f6e93b8149aac2d435ae3b7d368e1fce9fd691184255c",
                "sha256:521f2ca02876fae4f3efe7b52dfd2ec7cdba809af07905bd3b25b5aee36eaa50",
                "sha256:67405b66ba90f8ef423974904ad12bf92d80fc14e4180d13a69e05d787a72849",
                "sha256:6a47a5e26675fba87fc90917c63139c8b3aa793bcb429f22fc52fffd87853f00",
                "sha256:7724252c7a2d407c510f089da321755dedbc05a864c1e97c034c807882c3234c",
                "sha256:977d93ad6b45b48efddb92aed7fd69e1a33ff5d7130399971101133ad673be3e",
                "sha256:ad2a5f0c14faf9810cc92d919096be7167eff8d4fd63abc5e2d7c20e5da9326c",
                "sha256:bee33b8c06431b0f5cfdf500c68e0562e1ec2bd46b8d883b216707f16d51e9a3",
                "sha256:d657e4f4ce4ad5b1c7ee738540889c031344c59159483bdbb65dab6c8459c746",
                "sha256:e516a7f876381667eba82417254bb8d138c17dc7666fd70212d839813b60ea19",
                "sha256:f9d2a1b5374b2e6856006537b6d4d5ceed4db4c4ee60caec4af83707a78297e4",
                "sha256:ffaed4e6654f5b7458e622146f5cd9253b1ca2986a118b9a86546111b1a55731"
            ],
            "index": "pypi",
            "version": "==1.3.1"
        },
        "qtpy": {
            "hashes": [
                "sha256:2db72c44b55d0fe1407be8fba35c838ad0d6d3bb81f23007886dc1fc0f459c8d",
                "sha256:fa0b8363b363e89b2a6f49eddc162a04c0699ae95e109a6be3bb145a913190ea"
            ],
            "version": "==1.9.0"
        },
        "shiboken2": {
            "hashes": [
                "sha256:101fc366798f88cbff13586907f3755bebbd9304e66626fb6b0f6b28e0c9a5d2",
                "sha256:47c7c2652f578b37588e8b6daff3a852b3c88ae0f83be13886e4a74859e81763",
                "sha256:4f138656fc755399776062c89492d61f887d4e5fe7c78cded73917e80afcf2f5",
                "sha256:676fef81e4d95b02816fde7359c1f2604efa3edd34b05ab0da42c57c7555f7d7",
                "sha256:a88267c7cc17501effc6b1b36d85e7ab28173af939b975ea42716ed12493b478",
                "sha256:ab3ba84784c9641a11a21a8c64d494fa8b57be25e081e77f76747d543699f03c"
            ],
            "version": "==5.14.0"
        },
        "six": {
            "hashes": [
                "sha256:1f1b7d42e254082a9db6279deae68afb421ceba6158efa6131de7b3003ee93fd",
                "sha256:30f610279e8b2578cab6db20741130331735c781b56053c59c4076da27f06b66"
            ],
            "version": "==1.13.0"
        }
    },
    "develop": {
        "altgraph": {
            "hashes": [
                "sha256:d6814989f242b2b43025cba7161fc1b8fb487a62cd49c49245d6fd01c18ac997",
                "sha256:ddf5320017147ba7b810198e0b6619bd7b5563aa034da388cea8546b877f9b0c"
            ],
            "version": "==0.16.1"
        },
        "pyinstaller": {
            "editable": true,
            "git": "https://github.com/pyinstaller/pyinstaller.git",
            "ref": "555c5e81639091caa629a87c5ffd9b0dd9585a73"
        }
    }
}
